
Microsoft Visual Studio Solution File, Format Version 12.00
# Visual Studio Version 17
VisualStudioVersion = 17.7.34031.279
MinimumVisualStudioVersion = 10.0.40219.1
Project("{888888A0-9F3D-457C-B088-3A5042F75D52}") = "13Matrix", "13Matrix.pyproj", "{8D87D129-4FB9-4B2B-900C-1AABE549992C}"
EndProject
Global
	GlobalSection(SolutionConfigurationPlatforms) = preSolution
		Debug|Any CPU = Debug|Any CPU
		Release|Any CPU = Release|Any CPU
	EndGlobalSection
	GlobalSection(ProjectConfigurationPlatforms) = postSolution
		{8D87D129-4FB9-4B2B-900C-1AABE549992C}.Debug|Any CPU.ActiveCfg = Debug|Any CPU
		{8D87D129-4FB9-4B2B-900C-1AABE549992C}.Release|Any CPU.ActiveCfg = Release|Any CPU
	EndGlobalSection
	GlobalSection(SolutionProperties) = preSolution
		HideSolutionNode = FALSE
	EndGlobalSection
	GlobalSection(ExtensibilityGlobals) = postSolution
		SolutionGuid = {F3DF833B-11FF-4965-BF9D-96D51BF1D4A3}
	EndGlobalSection
EndGlobal
